# @generated by Move, please check-in and do not edit manually.

[move]
version = 2
manifest_digest = "714E5268A3B7A3CB22F1E105549C1A59A274C0BFAA8A9EA28EC3FF8BB98D1FA5"
deps_digest = "F8BBB0CCB2491CA29A3DF03D6F92277A4F3574266507ACD77214D37ECA3F3082"
dependencies = [
  { name = "Sui" },
]

[[move.package]]
name = "MoveStdlib"
source = { git = "https://github.com/MystenLabs/sui.git", rev = "framework/testnet", subdir = "crates/sui-framework/packages/move-stdlib" }

[[move.package]]
name = "Sui"
source = { git = "https://github.com/MystenLabs/sui.git", rev = "framework/testnet", subdir = "crates/sui-framework/packages/sui-framework" }

dependencies = [
  { name = "MoveStdlib" },
]

[move.toolchain-version]
compiler-version = "1.25.0"
edition = "2024.beta"
flavor = "sui"

[env]

[env.devnet]
chain-id = "d29677eb"
original-published-id = "0x1f9f6e6c0fc04da8a2235af253cfa83f89b9273d735497f51562d3d5054a7951"
latest-published-id = "0x1f9f6e6c0fc04da8a2235af253cfa83f89b9273d735497f51562d3d5054a7951"
published-version = "1"
